{
  "name": "studyHelp",
  "lockfileVersion": 3,
  "requires": true,
  "packages": {
    "": {
      "dependencies": {
        "pnpm": "^8.9.2"
      }
    },
    "node_modules/pnpm": {
      "version": "8.9.2",
      "resolved": "https://registry.npmjs.org/pnpm/-/pnpm-8.9.2.tgz",
      "integrity": "sha512-udNf6RsqWFTa3EMDSj57LmdfpLVuIOjgnvB4+lU8GPiu1EBR57Nui43UNfl+sMRMT/O0T8fG+n0h4frBe75mHg==",
      "bin": {
        "pnpm": "bin/pnpm.cjs",
        "pnpx": "bin/pnpx.cjs"
      },
      "engines": {
        "node": ">=16.14"
      },
      "funding": {
        "url": "https://opencollective.com/pnpm"
      }
    }
  }
}
